
Microsoft Visual Studio Solution File, Format Version 9.00
# Visual Studio 2007 & Carther Laboratories
Project("{FAE04EC0-301F-11D3-BF4B-00C04F79EFBC}") = "JNetBridge", "JNetBridge.csproj", "{4021F0DF-94F7-4C8D-A507-33411C6BD9AE}"
EndProject
Project("{FAE04EC0-301F-11D3-BF4B-00C04F79EFBC}") = "LibTester", "tools\LibTester\LibTester.csproj", "{EC6CF512-17B9-4450-88FD-F67C45537EFB}"
EndProject
Global
	GlobalSection(SolutionConfigurationPlatforms) = preSolution
		Debug|Any CPU = Debug|Any CPU
		Release|Any CPU = Release|Any CPU
	EndGlobalSection
	GlobalSection(ProjectConfigurationPlatforms) = postSolution
		{4021F0DF-94F7-4C8D-A507-33411C6BD9AE}.Debug|Any CPU.ActiveCfg = Debug|Any CPU
		{4021F0DF-94F7-4C8D-A507-33411C6BD9AE}.Debug|Any CPU.Build.0 = Debug|Any CPU
		{4021F0DF-94F7-4C8D-A507-33411C6BD9AE}.Release|Any CPU.ActiveCfg = Release|Any CPU
		{4021F0DF-94F7-4C8D-A507-33411C6BD9AE}.Release|Any CPU.Build.0 = Release|Any CPU
		{EC6CF512-17B9-4450-88FD-F67C45537EFB}.Debug|Any CPU.ActiveCfg = Debug|Any CPU
		{EC6CF512-17B9-4450-88FD-F67C45537EFB}.Release|Any CPU.ActiveCfg = Release|Any CPU
		{EC6CF512-17B9-4450-88FD-F67C45537EFB}.Release|Any CPU.Build.0 = Release|Any CPU
	EndGlobalSection
	GlobalSection(SolutionProperties) = preSolution
		HideSolutionNode = FALSE
	EndGlobalSection
EndGlobal
